
Microsoft Visual Studio Solution File, Format Version 12.00
# Visual Studio Express 2012 for Windows Desktop
Project("{FAE04EC0-301F-11D3-BF4B-00C04F79EFBC}") = "HospitalManagementSystem", "HospitalManagementSystem\HospitalManagementSystem.csproj", "{02F306C3-22CF-4E66-8908-77C66D9DE52D}"
EndProject
Global
	GlobalSection(SolutionConfigurationPlatforms) = preSolution
		Debug|Any CPU = Debug|Any CPU
		Release|Any CPU = Release|Any CPU
	EndGlobalSection
	GlobalSection(ProjectConfigurationPlatforms) = postSolution
		{02F306C3-22CF-4E66-8908-77C66D9DE52D}.Debug|Any CPU.ActiveCfg = Debug|Any CPU
		{02F306C3-22CF-4E66-8908-77C66D9DE52D}.Debug|Any CPU.Build.0 = Debug|Any CPU
		{02F306C3-22CF-4E66-8908-77C66D9DE52D}.Release|Any CPU.ActiveCfg = Release|Any CPU
		{02F306C3-22CF-4E66-8908-77C66D9DE52D}.Release|Any CPU.Build.0 = Release|Any CPU
	EndGlobalSection
	GlobalSection(SolutionProperties) = preSolution
		HideSolutionNode = FALSE
	EndGlobalSection
EndGlobal
